// !$*UTF8*$!
{
	archiveVersion = 1;
	classes = {
	};
	objectVersion = 56;
	objects = {

/* Begin PBXBuildFile section */
		E9CB39CC2B81E43900D89DE2 /* MenuView.swift in Sources */ = {isa = PBXBuildFile; fileRef = E9CB39CB2B81E43900D89DE2 /* MenuView.swift */; };
		E9CB39CE2B81E43A00D89DE2 /* Assets.xcassets in Resources */ = {isa = PBXBuildFile; fileRef = E9CB39CD2B81E43A00D89DE2 /* Assets.xcassets */; };
		E9CB39D12B81E43A00D89DE2 /* Preview Assets.xcassets in Resources */ = {isa = PBXBuildFile; fileRef = E9CB39D02B81E43A00D89DE2 /* Preview Assets.xcassets */; };
		E9CB39DC2B81E43A00D89DE2 /* NotesOllamaTests.swift in Sources */ = {isa = PBXBuildFile; fileRef = E9CB39DB2B81E43A00D89DE2 /* NotesOllamaTests.swift */; };
		E9CB39E62B81E43A00D89DE2 /* NotesOllamaUITests.swift in Sources */ = {isa = PBXBuildFile; fileRef = E9CB39E52B81E43A00D89DE2 /* NotesOllamaUITests.swift */; };
		E9CB39E82B81E43A00D89DE2 /* NotesOllamaUITestsLaunchTests.swift in Sources */ = {isa = PBXBuildFile; fileRef = E9CB39E72B81E43A00D89DE2 /* NotesOllamaUITestsLaunchTests.swift */; };
		E9CB39F62B81E46700D89DE2 /* AXSwift in Frameworks */ = {isa = PBXBuildFile; productRef = E9CB39F52B81E46700D89DE2 /* AXSwift */; };
		E9CB39F82B81E47700D89DE2 /* AppDelegate.swift in Sources */ = {isa = PBXBuildFile; fileRef = E9CB39F72B81E47700D89DE2 /* AppDelegate.swift */; };
		E9CB39FB2B8239EE00D89DE2 /* OllamaKit in Frameworks */ = {isa = PBXBuildFile; productRef = E9CB39FA2B8239EE00D89DE2 /* OllamaKit */; };
		E9CB39FD2B823D2100D89DE2 /* MenuViewModel.swift in Sources */ = {isa = PBXBuildFile; fileRef = E9CB39FC2B823D2100D89DE2 /* MenuViewModel.swift */; };
		E9CB39FF2B823F3800D89DE2 /* utils.swift in Sources */ = {isa = PBXBuildFile; fileRef = E9CB39FE2B823F3800D89DE2 /* utils.swift */; };
		E9CB3A012B824EC000D89DE2 /* NotesWatcher.swift in Sources */ = {isa = PBXBuildFile; fileRef = E9CB3A002B824EC000D89DE2 /* NotesWatcher.swift */; };
		E9CB3A032B826F3800D89DE2 /* LaunchAtLogin.swift in Sources */ = {isa = PBXBuildFile; fileRef = E9CB3A022B826F3800D89DE2 /* LaunchAtLogin.swift */; };
		E9CB3A052B82726B00D89DE2 /* commands.swift in Sources */ = {isa = PBXBuildFile; fileRef = E9CB3A042B82726B00D89DE2 /* commands.swift */; };
		E9CB3A072B829BA100D89DE2 /* OllamaService.swift in Sources */ = {isa = PBXBuildFile; fileRef = E9CB3A062B829BA100D89DE2 /* OllamaService.swift */; };
		E9CB3A092B834CAD00D89DE2 /* PasteService.swift in Sources */ = {isa = PBXBuildFile; fileRef = E9CB3A082B834CAD00D89DE2 /* PasteService.swift */; };
		E9CB3A0B2B83553200D89DE2 /* main.swift in Sources */ = {isa = PBXBuildFile; fileRef = E9CB3A0A2B83553200D89DE2 /* main.swift */; };
		E9CB3A0D2B83657100D89DE2 /* AuthorizeView.swift in Sources */ = {isa = PBXBuildFile; fileRef = E9CB3A0C2B83657100D89DE2 /* AuthorizeView.swift */; };
		E9CB3A0F2B83668D00D89DE2 /* WelcomeView.swift in Sources */ = {isa = PBXBuildFile; fileRef = E9CB3A0E2B83668D00D89DE2 /* WelcomeView.swift */; };
/* End PBXBuildFile section */

/* Begin PBXContainerItemProxy section */
		E9CB39D82B81E43A00D89DE2 /* PBXContainerItemProxy */ = {
			isa = PBXContainerItemProxy;
			containerPortal = E9CB39BE2B81E43900D89DE2 /* Project object */;
			proxyType = 1;
			remoteGlobalIDString = E9CB39C52B81E43900D89DE2;
			remoteInfo = NotesOllama;
		};
		E9CB39E22B81E43A00D89DE2 /* PBXContainerItemProxy */ = {
			isa = PBXContainerItemProxy;
			containerPortal = E9CB39BE2B81E43900D89DE2 /* Project object */;
			proxyType = 1;
			remoteGlobalIDString = E9CB39C52B81E43900D89DE2;
			remoteInfo = NotesOllama;
		};
/* End PBXContainerItemProxy section */

/* Begin PBXFileReference section */
		E9CB39C62B81E43900D89DE2 /* NotesOllama.app */ = {isa = PBXFileReference; explicitFileType = wrapper.application; includeInIndex = 0; path = NotesOllama.app; sourceTree = BUILT_PRODUCTS_DIR; };
		E9CB39CB2B81E43900D89DE2 /* MenuView.swift */ = {isa = PBXFileReference; lastKnownFileType = sourcecode.swift; path = MenuView.swift; sourceTree = "<group>"; };
		E9CB39CD2B81E43A00D89DE2 /* Assets.xcassets */ = {isa = PBXFileReference; lastKnownFileType = folder.assetcatalog; path = Assets.xcassets; sourceTree = "<group>"; };
		E9CB39D02B81E43A00D89DE2 /* Preview Assets.xcassets */ = {isa = PBXFileReference; lastKnownFileType = folder.assetcatalog; path = "Preview Assets.xcassets"; sourceTree = "<group>"; };
		E9CB39D22B81E43A00D89DE2 /* NotesOllama.entitlements */ = {isa = PBXFileReference; lastKnownFileType = text.plist.entitlements; path = NotesOllama.entitlements; sourceTree = "<group>"; };
		E9CB39D72B81E43A00D89DE2 /* NotesOllamaTests.xctest */ = {isa = PBXFileReference; explicitFileType = wrapper.cfbundle; includeInIndex = 0; path = NotesOllamaTests.xctest; sourceTree = BUILT_PRODUCTS_DIR; };
		E9CB39DB2B81E43A00D89DE2 /* NotesOllamaTests.swift */ = {isa = PBXFileReference; lastKnownFileType = sourcecode.swift; path = NotesOllamaTests.swift; sourceTree = "<group>"; };
		E9CB39E12B81E43A00D89DE2 /* NotesOllamaUITests.xctest */ = {isa = PBXFileReference; explicitFileType = wrapper.cfbundle; includeInIndex = 0; path = NotesOllamaUITests.xctest; sourceTree = BUILT_PRODUCTS_DIR; };
		E9CB39E52B81E43A00D89DE2 /* NotesOllamaUITests.swift */ = {isa = PBXFileReference; lastKnownFileType = sourcecode.swift; path = NotesOllamaUITests.swift; sourceTree = "<group>"; };
		E9CB39E72B81E43A00D89DE2 /* NotesOllamaUITestsLaunchTests.swift */ = {isa = PBXFileReference; lastKnownFileType = sourcecode.swift; path = NotesOllamaUITestsLaunchTests.swift; sourceTree = "<group>"; };
		E9CB39F72B81E47700D89DE2 /* AppDelegate.swift */ = {isa = PBXFileReference; lastKnownFileType = sourcecode.swift; path = AppDelegate.swift; sourceTree = "<group>"; };
		E9CB39FC2B823D2100D89DE2 /* MenuViewModel.swift */ = {isa = PBXFileReference; lastKnownFileType = sourcecode.swift; path = MenuViewModel.swift; sourceTree = "<group>"; };
		E9CB39FE2B823F3800D89DE2 /* utils.swift */ = {isa = PBXFileReference; lastKnownFileType = sourcecode.swift; path = utils.swift; sourceTree = "<group>"; };
		E9CB3A002B824EC000D89DE2 /* NotesWatcher.swift */ = {isa = PBXFileReference; lastKnownFileType = sourcecode.swift; path = NotesWatcher.swift; sourceTree = "<group>"; };
		E9CB3A022B826F3800D89DE2 /* LaunchAtLogin.swift */ = {isa = PBXFileReference; lastKnownFileType = sourcecode.swift; path = LaunchAtLogin.swift; sourceTree = "<group>"; };
		E9CB3A042B82726B00D89DE2 /* commands.swift */ = {isa = PBXFileReference; lastKnownFileType = sourcecode.swift; path = commands.swift; sourceTree = "<group>"; };
		E9CB3A062B829BA100D89DE2 /* OllamaService.swift */ = {isa = PBXFileReference; lastKnownFileType = sourcecode.swift; path = OllamaService.swift; sourceTree = "<group>"; };
		E9CB3A082B834CAD00D89DE2 /* PasteService.swift */ = {isa = PBXFileReference; lastKnownFileType = sourcecode.swift; path = PasteService.swift; sourceTree = "<group>"; };
		E9CB3A0A2B83553200D89DE2 /* main.swift */ = {isa = PBXFileReference; lastKnownFileType = sourcecode.swift; path = main.swift; sourceTree = "<group>"; };
		E9CB3A0C2B83657100D89DE2 /* AuthorizeView.swift */ = {isa = PBXFileReference; lastKnownFileType = sourcecode.swift; path = AuthorizeView.swift; sourceTree = "<group>"; };
		E9CB3A0E2B83668D00D89DE2 /* WelcomeView.swift */ = {isa = PBXFileReference; lastKnownFileType = sourcecode.swift; path = WelcomeView.swift; sourceTree = "<group>"; };
/* End PBXFileReference section */

/* Begin PBXFrameworksBuildPhase section */
		E9CB39C32B81E43900D89DE2 /* Frameworks */ = {
			isa = PBXFrameworksBuildPhase;
			buildActionMask = 2147483647;
			files = (
				E9CB39F62B81E46700D89DE2 /* AXSwift in Frameworks */,
				E9CB39FB2B8239EE00D89DE2 /* OllamaKit in Frameworks */,
			);
			runOnlyForDeploymentPostprocessing = 0;
		};
		E9CB39D42B81E43A00D89DE2 /* Frameworks */ = {
			isa = PBXFrameworksBuildPhase;
			buildActionMask = 2147483647;
			files = (
			);
			runOnlyForDeploymentPostprocessing = 0;
		};
		E9CB39DE2B81E43A00D89DE2 /* Frameworks */ = {
			isa = PBXFrameworksBuildPhase;
			buildActionMask = 2147483647;
			files = (
			);
			runOnlyForDeploymentPostprocessing = 0;
		};
/* End PBXFrameworksBuildPhase section */

/* Begin PBXGroup section */
		E97D02642B838AAE001059A8 /* Menu */ = {
			isa = PBXGroup;
			children = (
				E9CB3A022B826F3800D89DE2 /* LaunchAtLogin.swift */,
				E9CB3A042B82726B00D89DE2 /* commands.swift */,
				E9CB39CB2B81E43900D89DE2 /* MenuView.swift */,
				E9CB39FC2B823D2100D89DE2 /* MenuViewModel.swift */,
			);
			path = Menu;
			sourceTree = "<group>";
		};
		E97D02652B838B3C001059A8 /* Onboarding */ = {
			isa = PBXGroup;
			children = (
				E9CB3A0E2B83668D00D89DE2 /* WelcomeView.swift */,
				E9CB3A0C2B83657100D89DE2 /* AuthorizeView.swift */,
			);
			path = Onboarding;
			sourceTree = "<group>";
		};
		E97D02662B838BD1001059A8 /* Services */ = {
			isa = PBXGroup;
			children = (
				E9CB3A062B829BA100D89DE2 /* OllamaService.swift */,
				E9CB3A082B834CAD00D89DE2 /* PasteService.swift */,
			);
			path = Services;
			sourceTree = "<group>";
		};
		E9CB39BD2B81E43900D89DE2 = {
			isa = PBXGroup;
			children = (
				E9CB39C82B81E43900D89DE2 /* NotesOllama */,
				E9CB39DA2B81E43A00D89DE2 /* NotesOllamaTests */,
				E9CB39E42B81E43A00D89DE2 /* NotesOllamaUITests */,
				E9CB39C72B81E43900D89DE2 /* Products */,
			);
			sourceTree = "<group>";
		};
		E9CB39C72B81E43900D89DE2 /* Products */ = {
			isa = PBXGroup;
			children = (
				E9CB39C62B81E43900D89DE2 /* NotesOllama.app */,
				E9CB39D72B81E43A00D89DE2 /* NotesOllamaTests.xctest */,
				E9CB39E12B81E43A00D89DE2 /* NotesOllamaUITests.xctest */,
			);
			name = Products;
			sourceTree = "<group>";
		};
		E9CB39C82B81E43900D89DE2 /* NotesOllama */ = {
			isa = PBXGroup;
			children = (
				E97D02662B838BD1001059A8 /* Services */,
				E97D02652B838B3C001059A8 /* Onboarding */,
				E97D02642B838AAE001059A8 /* Menu */,
				E9CB39CD2B81E43A00D89DE2 /* Assets.xcassets */,
				E9CB39D22B81E43A00D89DE2 /* NotesOllama.entitlements */,
				E9CB39CF2B81E43A00D89DE2 /* Preview Content */,
				E9CB39F72B81E47700D89DE2 /* AppDelegate.swift */,
				E9CB3A002B824EC000D89DE2 /* NotesWatcher.swift */,
				E9CB3A0A2B83553200D89DE2 /* main.swift */,
				E9CB39FE2B823F3800D89DE2 /* utils.swift */,
			);
			path = NotesOllama;
			sourceTree = "<group>";
		};
		E9CB39CF2B81E43A00D89DE2 /* Preview Content */ = {
			isa = PBXGroup;
			children = (
				E9CB39D02B81E43A00D89DE2 /* Preview Assets.xcassets */,
			);
			path = "Preview Content";
			sourceTree = "<group>";
		};
		E9CB39DA2B81E43A00D89DE2 /* NotesOllamaTests */ = {
			isa = PBXGroup;
			children = (
				E9CB39DB2B81E43A00D89DE2 /* NotesOllamaTests.swift */,
			);
			path = NotesOllamaTests;
			sourceTree = "<group>";
		};
		E9CB39E42B81E43A00D89DE2 /* NotesOllamaUITests */ = {
			isa = PBXGroup;
			children = (
				E9CB39E52B81E43A00D89DE2 /* NotesOllamaUITests.swift */,
				E9CB39E72B81E43A00D89DE2 /* NotesOllamaUITestsLaunchTests.swift */,
			);
			path = NotesOllamaUITests;
			sourceTree = "<group>";
		};
/* End PBXGroup section */

/* Begin PBXNativeTarget section */
		E9CB39C52B81E43900D89DE2 /* NotesOllama */ = {
			isa = PBXNativeTarget;
			buildConfigurationList = E9CB39EB2B81E43A00D89DE2 /* Build configuration list for PBXNativeTarget "NotesOllama" */;
			buildPhases = (
				E9CB39C22B81E43900D89DE2 /* Sources */,
				E9CB39C32B81E43900D89DE2 /* Frameworks */,
				E9CB39C42B81E43900D89DE2 /* Resources */,
			);
			buildRules = (
			);
			dependencies = (
			);
			name = NotesOllama;
			packageProductDependencies = (
				E9CB39F52B81E46700D89DE2 /* AXSwift */,
				E9CB39FA2B8239EE00D89DE2 /* OllamaKit */,
			);
			productName = NotesOllama;
			productReference = E9CB39C62B81E43900D89DE2 /* NotesOllama.app */;
			productType = "com.apple.product-type.application";
		};
		E9CB39D62B81E43A00D89DE2 /* NotesOllamaTests */ = {
			isa = PBXNativeTarget;
			buildConfigurationList = E9CB39EE2B81E43A00D89DE2 /* Build configuration list for PBXNativeTarget "NotesOllamaTests" */;
			buildPhases = (
				E9CB39D32B81E43A00D89DE2 /* Sources */,
				E9CB39D42B81E43A00D89DE2 /* Frameworks */,
				E9CB39D52B81E43A00D89DE2 /* Resources */,
			);
			buildRules = (
			);
			dependencies = (
				E9CB39D92B81E43A00D89DE2 /* PBXTargetDependency */,
			);
			name = NotesOllamaTests;
			productName = NotesOllamaTests;
			productReference = E9CB39D72B81E43A00D89DE2 /* NotesOllamaTests.xctest */;
			productType = "com.apple.product-type.bundle.unit-test";
		};
		E9CB39E02B81E43A00D89DE2 /* NotesOllamaUITests */ = {
			isa = PBXNativeTarget;
			buildConfigurationList = E9CB39F12B81E43A00D89DE2 /* Build configuration list for PBXNativeTarget "NotesOllamaUITests" */;
			buildPhases = (
				E9CB39DD2B81E43A00D89DE2 /* Sources */,
				E9CB39DE2B81E43A00D89DE2 /* Frameworks */,
				E9CB39DF2B81E43A00D89DE2 /* Resources */,
			);
			buildRules = (
			);
			dependencies = (
				E9CB39E32B81E43A00D89DE2 /* PBXTargetDependency */,
			);
			name = NotesOllamaUITests;
			productName = NotesOllamaUITests;
			productReference = E9CB39E12B81E43A00D89DE2 /* NotesOllamaUITests.xctest */;
			productType = "com.apple.product-type.bundle.ui-testing";
		};
/* End PBXNativeTarget section */

/* Begin PBXProject section */
		E9CB39BE2B81E43900D89DE2 /* Project object */ = {
			isa = PBXProject;
			attributes = {
				BuildIndependentTargetsInParallel = 1;
				LastSwiftUpdateCheck = 1520;
				LastUpgradeCheck = 1520;
				TargetAttributes = {
					E9CB39C52B81E43900D89DE2 = {
						CreatedOnToolsVersion = 15.2;
					};
					E9CB39D62B81E43A00D89DE2 = {
						CreatedOnToolsVersion = 15.2;
						TestTargetID = E9CB39C52B81E43900D89DE2;
					};
					E9CB39E02B81E43A00D89DE2 = {
						CreatedOnToolsVersion = 15.2;
						TestTargetID = E9CB39C52B81E43900D89DE2;
					};
				};
			};
			buildConfigurationList = E9CB39C12B81E43900D89DE2 /* Build configuration list for PBXProject "NotesOllama" */;
			compatibilityVersion = "Xcode 14.0";
			developmentRegion = en;
			hasScannedForEncodings = 0;
			knownRegions = (
				en,
				Base,
			);
			mainGroup = E9CB39BD2B81E43900D89DE2;
			packageReferences = (
				E9CB39F42B81E46700D89DE2 /* XCRemoteSwiftPackageReference "AXSwift" */,
				E9CB39F92B8239EE00D89DE2 /* XCRemoteSwiftPackageReference "OllamaKit" */,
			);
			productRefGroup = E9CB39C72B81E43900D89DE2 /* Products */;
			projectDirPath = "";
			projectRoot = "";
			targets = (
				E9CB39C52B81E43900D89DE2 /* NotesOllama */,
				E9CB39D62B81E43A00D89DE2 /* NotesOllamaTests */,
				E9CB39E02B81E43A00D89DE2 /* NotesOllamaUITests */,
			);
		};
/* End PBXProject section */

/* Begin PBXResourcesBuildPhase section */
		E9CB39C42B81E43900D89DE2 /* Resources */ = {
			isa = PBXResourcesBuildPhase;
			buildActionMask = 2147483647;
			files = (
				E9CB39D12B81E43A00D89DE2 /* Preview Assets.xcassets in Resources */,
				E9CB39CE2B81E43A00D89DE2 /* Assets.xcassets in Resources */,
			);
			runOnlyForDeploymentPostprocessing = 0;
		};
		E9CB39D52B81E43A00D89DE2 /* Resources */ = {
			isa = PBXResourcesBuildPhase;
			buildActionMask = 2147483647;
			files = (
			);
			runOnlyForDeploymentPostprocessing = 0;
		};
		E9CB39DF2B81E43A00D89DE2 /* Resources */ = {
			isa = PBXResourcesBuildPhase;
			buildActionMask = 2147483647;
			files = (
			);
			runOnlyForDeploymentPostprocessing = 0;
		};
/* End PBXResourcesBuildPhase section */

/* Begin PBXSourcesBuildPhase section */
		E9CB39C22B81E43900D89DE2 /* Sources */ = {
			isa = PBXSourcesBuildPhase;
			buildActionMask = 2147483647;
			files = (
				E9CB3A012B824EC000D89DE2 /* NotesWatcher.swift in Sources */,
				E9CB3A032B826F3800D89DE2 /* LaunchAtLogin.swift in Sources */,
				E9CB39FF2B823F3800D89DE2 /* utils.swift in Sources */,
				E9CB3A0D2B83657100D89DE2 /* AuthorizeView.swift in Sources */,
				E9CB3A072B829BA100D89DE2 /* OllamaService.swift in Sources */,
				E9CB3A052B82726B00D89DE2 /* commands.swift in Sources */,
				E9CB3A092B834CAD00D89DE2 /* PasteService.swift in Sources */,
				E9CB3A0F2B83668D00D89DE2 /* WelcomeView.swift in Sources */,
				E9CB39F82B81E47700D89DE2 /* AppDelegate.swift in Sources */,
				E9CB3A0B2B83553200D89DE2 /* main.swift in Sources */,
				E9CB39CC2B81E43900D89DE2 /* MenuView.swift in Sources */,
				E9CB39FD2B823D2100D89DE2 /* MenuViewModel.swift in Sources */,
			);
			runOnlyForDeploymentPostprocessing = 0;
		};
		E9CB39D32B81E43A00D89DE2 /* Sources */ = {
			isa = PBXSourcesBuildPhase;
			buildActionMask = 2147483647;
			files = (
				E9CB39DC2B81E43A00D89DE2 /* NotesOllamaTests.swift in Sources */,
			);
			runOnlyForDeploymentPostprocessing = 0;
		};
		E9CB39DD2B81E43A00D89DE2 /* Sources */ = {
			isa = PBXSourcesBuildPhase;
			buildActionMask = 2147483647;
			files = (
				E9CB39E82B81E43A00D89DE2 /* NotesOllamaUITestsLaunchTests.swift in Sources */,
				E9CB39E62B81E43A00D89DE2 /* NotesOllamaUITests.swift in Sources */,
			);
			runOnlyForDeploymentPostprocessing = 0;
		};
/* End PBXSourcesBuildPhase section */

/* Begin PBXTargetDependency section */
		E9CB39D92B81E43A00D89DE2 /* PBXTargetDependency */ = {
			isa = PBXTargetDependency;
			target = E9CB39C52B81E43900D89DE2 /* NotesOllama */;
			targetProxy = E9CB39D82B81E43A00D89DE2 /* PBXContainerItemProxy */;
		};
		E9CB39E32B81E43A00D89DE2 /* PBXTargetDependency */ = {
			isa = PBXTargetDependency;
			target = E9CB39C52B81E43900D89DE2 /* NotesOllama */;
			targetProxy = E9CB39E22B81E43A00D89DE2 /* PBXContainerItemProxy */;
		};
/* End PBXTargetDependency section */

/* Begin XCBuildConfiguration section */
		E9CB39E92B81E43A00D89DE2 /* Debug */ = {
			isa = XCBuildConfiguration;
			buildSettings = {
				ALWAYS_SEARCH_USER_PATHS = NO;
				ASSETCATALOG_COMPILER_GENERATE_SWIFT_ASSET_SYMBOL_EXTENSIONS = YES;
				CLANG_ANALYZER_NONNULL = YES;
				CLANG_ANALYZER_NUMBER_OBJECT_CONVERSION = YES_AGGRESSIVE;
				CLANG_CXX_LANGUAGE_STANDARD = "gnu++20";
				CLANG_ENABLE_MODULES = YES;
				CLANG_ENABLE_OBJC_ARC = YES;
				CLANG_ENABLE_OBJC_WEAK = YES;
				CLANG_WARN_BLOCK_CAPTURE_AUTORELEASING = YES;
				CLANG_WARN_BOOL_CONVERSION = YES;
				CLANG_WARN_COMMA = YES;
				CLANG_WARN_CONSTANT_CONVERSION = YES;
				CLANG_WARN_DEPRECATED_OBJC_IMPLEMENTATIONS = YES;
				CLANG_WARN_DIRECT_OBJC_ISA_USAGE = YES_ERROR;
				CLANG_WARN_DOCUMENTATION_COMMENTS = YES;
				CLANG_WARN_EMPTY_BODY = YES;
				CLANG_WARN_ENUM_CONVERSION = YES;
				CLANG_WARN_INFINITE_RECURSION = YES;
				CLANG_WARN_INT_CONVERSION = YES;
				CLANG_WARN_NON_LITERAL_NULL_CONVERSION = YES;
				CLANG_WARN_OBJC_IMPLICIT_RETAIN_SELF = YES;
				CLANG_WARN_OBJC_LITERAL_CONVERSION = YES;
				CLANG_WARN_OBJC_ROOT_CLASS = YES_ERROR;
				CLANG_WARN_QUOTED_INCLUDE_IN_FRAMEWORK_HEADER = YES;
				CLANG_WARN_RANGE_LOOP_ANALYSIS = YES;
				CLANG_WARN_STRICT_PROTOTYPES = YES;
				CLANG_WARN_SUSPICIOUS_MOVE = YES;
				CLANG_WARN_UNGUARDED_AVAILABILITY = YES_AGGRESSIVE;
				CLANG_WARN_UNREACHABLE_CODE = YES;
				CLANG_WARN__DUPLICATE_METHOD_MATCH = YES;
				COPY_PHASE_STRIP = NO;
				DEBUG_INFORMATION_FORMAT = dwarf;
				ENABLE_STRICT_OBJC_MSGSEND = YES;
				ENABLE_TESTABILITY = YES;
				ENABLE_USER_SCRIPT_SANDBOXING = YES;
				GCC_C_LANGUAGE_STANDARD = gnu17;
				GCC_DYNAMIC_NO_PIC = NO;
				GCC_NO_COMMON_BLOCKS = YES;
				GCC_OPTIMIZATION_LEVEL = 0;
				GCC_PREPROCESSOR_DEFINITIONS = (
					"DEBUG=1",
					"$(inherited)",
				);
				GCC_WARN_64_TO_32_BIT_CONVERSION = YES;
				GCC_WARN_ABOUT_RETURN_TYPE = YES_ERROR;
				GCC_WARN_UNDECLARED_SELECTOR = YES;
				GCC_WARN_UNINITIALIZED_AUTOS = YES_AGGRESSIVE;
				GCC_WARN_UNUSED_FUNCTION = YES;
				GCC_WARN_UNUSED_VARIABLE = YES;
				LOCALIZATION_PREFERS_STRING_CATALOGS = YES;
				MACOSX_DEPLOYMENT_TARGET = 14.2;
				MTL_ENABLE_DEBUG_INFO = INCLUDE_SOURCE;
				MTL_FAST_MATH = YES;
				ONLY_ACTIVE_ARCH = YES;
				SDKROOT = macosx;
				SWIFT_ACTIVE_COMPILATION_CONDITIONS = "DEBUG $(inherited)";
				SWIFT_OPTIMIZATION_LEVEL = "-Onone";
			};
			name = Debug;
		};
		E9CB39EA2B81E43A00D89DE2 /* Release */ = {
			isa = XCBuildConfiguration;
			buildSettings = {
				ALWAYS_SEARCH_USER_PATHS = NO;
				ASSETCATALOG_COMPILER_GENERATE_SWIFT_ASSET_SYMBOL_EXTENSIONS = YES;
				CLANG_ANALYZER_NONNULL = YES;
				CLANG_ANALYZER_NUMBER_OBJECT_CONVERSION = YES_AGGRESSIVE;
				CLANG_CXX_LANGUAGE_STANDARD = "gnu++20";
				CLANG_ENABLE_MODULES = YES;
				CLANG_ENABLE_OBJC_ARC = YES;
				CLANG_ENABLE_OBJC_WEAK = YES;
				CLANG_WARN_BLOCK_CAPTURE_AUTORELEASING = YES;
				CLANG_WARN_BOOL_CONVERSION = YES;
				CLANG_WARN_COMMA = YES;
				CLANG_WARN_CONSTANT_CONVERSION = YES;
				CLANG_WARN_DEPRECATED_OBJC_IMPLEMENTATIONS = YES;
				CLANG_WARN_DIRECT_OBJC_ISA_USAGE = YES_ERROR;
				CLANG_WARN_DOCUMENTATION_COMMENTS = YES;
				CLANG_WARN_EMPTY_BODY = YES;
				CLANG_WARN_ENUM_CONVERSION = YES;
				CLANG_WARN_INFINITE_RECURSION = YES;
				CLANG_WARN_INT_CONVERSION = YES;
				CLANG_WARN_NON_LITERAL_NULL_CONVERSION = YES;
				CLANG_WARN_OBJC_IMPLICIT_RETAIN_SELF = YES;
				CLANG_WARN_OBJC_LITERAL_CONVERSION = YES;
				CLANG_WARN_OBJC_ROOT_CLASS = YES_ERROR;
				CLANG_WARN_QUOTED_INCLUDE_IN_FRAMEWORK_HEADER = YES;
				CLANG_WARN_RANGE_LOOP_ANALYSIS = YES;
				CLANG_WARN_STRICT_PROTOTYPES = YES;
				CLANG_WARN_SUSPICIOUS_MOVE = YES;
				CLANG_WARN_UNGUARDED_AVAILABILITY = YES_AGGRESSIVE;
				CLANG_WARN_UNREACHABLE_CODE = YES;
				CLANG_WARN__DUPLICATE_METHOD_MATCH = YES;
				COPY_PHASE_STRIP = NO;
				DEBUG_INFORMATION_FORMAT = "dwarf-with-dsym";
				ENABLE_NS_ASSERTIONS = NO;
				ENABLE_STRICT_OBJC_MSGSEND = YES;
				ENABLE_USER_SCRIPT_SANDBOXING = YES;
				GCC_C_LANGUAGE_STANDARD = gnu17;
				GCC_NO_COMMON_BLOCKS = YES;
				GCC_WARN_64_TO_32_BIT_CONVERSION = YES;
				GCC_WARN_ABOUT_RETURN_TYPE = YES_ERROR;
				GCC_WARN_UNDECLARED_SELECTOR = YES;
				GCC_WARN_UNINITIALIZED_AUTOS = YES_AGGRESSIVE;
				GCC_WARN_UNUSED_FUNCTION = YES;
				GCC_WARN_UNUSED_VARIABLE = YES;
				LOCALIZATION_PREFERS_STRING_CATALOGS = YES;
				MACOSX_DEPLOYMENT_TARGET = 14.2;
				MTL_ENABLE_DEBUG_INFO = NO;
				MTL_FAST_MATH = YES;
				SDKROOT = macosx;
				SWIFT_COMPILATION_MODE = wholemodule;
			};
			name = Release;
		};
		E9CB39EC2B81E43A00D89DE2 /* Debug */ = {
			isa = XCBuildConfiguration;
			buildSettings = {
				ASSETCATALOG_COMPILER_APPICON_NAME = AppIcon;
				ASSETCATALOG_COMPILER_GLOBAL_ACCENT_COLOR_NAME = AccentColor;
				CODE_SIGN_ENTITLEMENTS = NotesOllama/NotesOllama.entitlements;
				CODE_SIGN_STYLE = Automatic;
				COMBINE_HIDPI_IMAGES = YES;
				CURRENT_PROJECT_VERSION = 1;
				DEVELOPMENT_ASSET_PATHS = "\"NotesOllama/Preview Content\"";
				DEVELOPMENT_TEAM = UL38YXE4DL;
				ENABLE_HARDENED_RUNTIME = YES;
				ENABLE_PREVIEWS = YES;
				GENERATE_INFOPLIST_FILE = YES;
				INFOPLIST_KEY_CFBundleDisplayName = NotesOllama;
				INFOPLIST_KEY_NSHumanReadableCopyright = "";
				LD_RUNPATH_SEARCH_PATHS = (
					"$(inherited)",
					"@executable_path/../Frameworks",
				);
				MACOSX_DEPLOYMENT_TARGET = 13;
				MARKETING_VERSION = 0.1;
				PRODUCT_BUNDLE_IDENTIFIER = app.smallest.NotesOllama;
				PRODUCT_NAME = "$(TARGET_NAME)";
				SWIFT_EMIT_LOC_STRINGS = YES;
				SWIFT_VERSION = 5.0;
			};
			name = Debug;
		};
		E9CB39ED2B81E43A00D89DE2 /* Release */ = {
			isa = XCBuildConfiguration;
			buildSettings = {
				ASSETCATALOG_COMPILER_APPICON_NAME = AppIcon;
				ASSETCATALOG_COMPILER_GLOBAL_ACCENT_COLOR_NAME = AccentColor;
				CODE_SIGN_ENTITLEMENTS = NotesOllama/NotesOllama.entitlements;
				CODE_SIGN_STYLE = Automatic;
				COMBINE_HIDPI_IMAGES = YES;
				CURRENT_PROJECT_VERSION = 1;
				DEVELOPMENT_ASSET_PATHS = "\"NotesOllama/Preview Content\"";
				DEVELOPMENT_TEAM = UL38YXE4DL;
				ENABLE_HARDENED_RUNTIME = YES;
				ENABLE_PREVIEWS = YES;
				GENERATE_INFOPLIST_FILE = YES;
				INFOPLIST_KEY_CFBundleDisplayName = NotesOllama;
				INFOPLIST_KEY_NSHumanReadableCopyright = "";
				LD_RUNPATH_SEARCH_PATHS = (
					"$(inherited)",
					"@executable_path/../Frameworks",
				);
				MACOSX_DEPLOYMENT_TARGET = 13;
				MARKETING_VERSION = 0.1;
				PRODUCT_BUNDLE_IDENTIFIER = app.smallest.NotesOllama;
				PRODUCT_NAME = "$(TARGET_NAME)";
				SWIFT_EMIT_LOC_STRINGS = YES;
				SWIFT_VERSION = 5.0;
			};
			name = Release;
		};
		E9CB39EF2B81E43A00D89DE2 /* Debug */ = {
			isa = XCBuildConfiguration;
			buildSettings = {
				ALWAYS_EMBED_SWIFT_STANDARD_LIBRARIES = YES;
				BUNDLE_LOADER = "$(TEST_HOST)";
				CODE_SIGN_STYLE = Automatic;
				CURRENT_PROJECT_VERSION = 1;
				DEVELOPMENT_TEAM = UL38YXE4DL;
				GENERATE_INFOPLIST_FILE = YES;
				MACOSX_DEPLOYMENT_TARGET = 14.2;
				MARKETING_VERSION = 1.0;
				PRODUCT_BUNDLE_IDENTIFIER = app.smallest.NotesOllamaTests;
				PRODUCT_NAME = "$(TARGET_NAME)";
				SWIFT_EMIT_LOC_STRINGS = NO;
				SWIFT_VERSION = 5.0;
				TEST_HOST = "$(BUILT_PRODUCTS_DIR)/NotesOllama.app/$(BUNDLE_EXECUTABLE_FOLDER_PATH)/NotesOllama";
			};
			name = Debug;
		};
		E9CB39F02B81E43A00D89DE2 /* Release */ = {
			isa = XCBuildConfiguration;
			buildSettings = {
				ALWAYS_EMBED_SWIFT_STANDARD_LIBRARIES = YES;
				BUNDLE_LOADER = "$(TEST_HOST)";
				CODE_SIGN_STYLE = Automatic;
				CURRENT_PROJECT_VERSION = 1;
				DEVELOPMENT_TEAM = UL38YXE4DL;
				GENERATE_INFOPLIST_FILE = YES;
				MACOSX_DEPLOYMENT_TARGET = 14.2;
				MARKETING_VERSION = 1.0;
				PRODUCT_BUNDLE_IDENTIFIER = app.smallest.NotesOllamaTests;
				PRODUCT_NAME = "$(TARGET_NAME)";
				SWIFT_EMIT_LOC_STRINGS = NO;
				SWIFT_VERSION = 5.0;
				TEST_HOST = "$(BUILT_PRODUCTS_DIR)/NotesOllama.app/$(BUNDLE_EXECUTABLE_FOLDER_PATH)/NotesOllama";
			};
			name = Release;
		};
		E9CB39F22B81E43A00D89DE2 /* Debug */ = {
			isa = XCBuildConfiguration;
			buildSettings = {
				ALWAYS_EMBED_SWIFT_STANDARD_LIBRARIES = YES;
				CODE_SIGN_STYLE = Automatic;
				CURRENT_PROJECT_VERSION = 1;
				DEVELOPMENT_TEAM = UL38YXE4DL;
				GENERATE_INFOPLIST_FILE = YES;
				MARKETING_VERSION = 1.0;
				PRODUCT_BUNDLE_IDENTIFIER = app.smallest.NotesOllamaUITests;
				PRODUCT_NAME = "$(TARGET_NAME)";
				SWIFT_EMIT_LOC_STRINGS = NO;
				SWIFT_VERSION = 5.0;
				TEST_TARGET_NAME = NotesOllama;
			};
			name = Debug;
		};
		E9CB39F32B81E43A00D89DE2 /* Release */ = {
			isa = XCBuildConfiguration;
			buildSettings = {
				ALWAYS_EMBED_SWIFT_STANDARD_LIBRARIES = YES;
				CODE_SIGN_STYLE = Automatic;
				CURRENT_PROJECT_VERSION = 1;
				DEVELOPMENT_TEAM = UL38YXE4DL;
				GENERATE_INFOPLIST_FILE = YES;
				MARKETING_VERSION = 1.0;
				PRODUCT_BUNDLE_IDENTIFIER = app.smallest.NotesOllamaUITests;
				PRODUCT_NAME = "$(TARGET_NAME)";
				SWIFT_EMIT_LOC_STRINGS = NO;
				SWIFT_VERSION = 5.0;
				TEST_TARGET_NAME = NotesOllama;
			};
			name = Release;
		};
/* End XCBuildConfiguration section */

/* Begin XCConfigurationList section */
		E9CB39C12B81E43900D89DE2 /* Build configuration list for PBXProject "NotesOllama" */ = {
			isa = XCConfigurationList;
			buildConfigurations = (
				E9CB39E92B81E43A00D89DE2 /* Debug */,
				E9CB39EA2B81E43A00D89DE2 /* Release */,
			);
			defaultConfigurationIsVisible = 0;
			defaultConfigurationName = Release;
		};
		E9CB39EB2B81E43A00D89DE2 /* Build configuration list for PBXNativeTarget "NotesOllama" */ = {
			isa = XCConfigurationList;
			buildConfigurations = (
				E9CB39EC2B81E43A00D89DE2 /* Debug */,
				E9CB39ED2B81E43A00D89DE2 /* Release */,
			);
			defaultConfigurationIsVisible = 0;
			defaultConfigurationName = Release;
		};
		E9CB39EE2B81E43A00D89DE2 /* Build configuration list for PBXNativeTarget "NotesOllamaTests" */ = {
			isa = XCConfigurationList;
			buildConfigurations = (
				E9CB39EF2B81E43A00D89DE2 /* Debug */,
				E9CB39F02B81E43A00D89DE2 /* Release */,
			);
			defaultConfigurationIsVisible = 0;
			defaultConfigurationName = Release;
		};
		E9CB39F12B81E43A00D89DE2 /* Build configuration list for PBXNativeTarget "NotesOllamaUITests" */ = {
			isa = XCConfigurationList;
			buildConfigurations = (
				E9CB39F22B81E43A00D89DE2 /* Debug */,
				E9CB39F32B81E43A00D89DE2 /* Release */,
			);
			defaultConfigurationIsVisible = 0;
			defaultConfigurationName = Release;
		};
/* End XCConfigurationList section */

/* Begin XCRemoteSwiftPackageReference section */
		E9CB39F42B81E46700D89DE2 /* XCRemoteSwiftPackageReference "AXSwift" */ = {
			isa = XCRemoteSwiftPackageReference;
			repositoryURL = "https://github.com/tmandry/AXSwift";
			requirement = {
				kind = upToNextMajorVersion;
				minimumVersion = 0.3.2;
			};
		};
		E9CB39F92B8239EE00D89DE2 /* XCRemoteSwiftPackageReference "OllamaKit" */ = {
			isa = XCRemoteSwiftPackageReference;
			repositoryURL = "https://github.com/kevinhermawan/OllamaKit";
			requirement = {
				kind = upToNextMajorVersion;
				minimumVersion = 3.0.2;
			};
		};
/* End XCRemoteSwiftPackageReference section */

/* Begin XCSwiftPackageProductDependency section */
		E9CB39F52B81E46700D89DE2 /* AXSwift */ = {
			isa = XCSwiftPackageProductDependency;
			package = E9CB39F42B81E46700D89DE2 /* XCRemoteSwiftPackageReference "AXSwift" */;
			productName = AXSwift;
		};
		E9CB39FA2B8239EE00D89DE2 /* OllamaKit */ = {
			isa = XCSwiftPackageProductDependency;
			package = E9CB39F92B8239EE00D89DE2 /* XCRemoteSwiftPackageReference "OllamaKit" */;
			productName = OllamaKit;
		};
/* End XCSwiftPackageProductDependency section */
	};
	rootObject = E9CB39BE2B81E43900D89DE2 /* Project object */;
}
